
Microsoft Visual Studio Solution File, Format Version 12.00
# Visual Studio Version 17
VisualStudioVersion = 17.8.34309.116
MinimumVisualStudioVersion = 10.0.40219.1
Project("{FAE04EC0-301F-11D3-BF4B-00C04F79EFBC}") = "MauiOnPlatformBug", "MauiOnPlatformBug.csproj", "{AC3DF511-ACA5-44FD-8744-7EA6AD8D9F7F}"
EndProject
Global
	GlobalSection(SolutionConfigurationPlatforms) = preSolution
		Debug|Any CPU = Debug|Any CPU
		Release|Any CPU = Release|Any CPU
	EndGlobalSection
	GlobalSection(ProjectConfigurationPlatforms) = postSolution
		{AC3DF511-ACA5-44FD-8744-7EA6AD8D9F7F}.Debug|Any CPU.ActiveCfg = Debug|Any CPU
		{AC3DF511-ACA5-44FD-8744-7EA6AD8D9F7F}.Debug|Any CPU.Build.0 = Debug|Any CPU
		{AC3DF511-ACA5-44FD-8744-7EA6AD8D9F7F}.Debug|Any CPU.Deploy.0 = Debug|Any CPU
		{AC3DF511-ACA5-44FD-8744-7EA6AD8D9F7F}.Release|Any CPU.ActiveCfg = Release|Any CPU
		{AC3DF511-ACA5-44FD-8744-7EA6AD8D9F7F}.Release|Any CPU.Build.0 = Release|Any CPU
		{AC3DF511-ACA5-44FD-8744-7EA6AD8D9F7F}.Release|Any CPU.Deploy.0 = Release|Any CPU
	EndGlobalSection
	GlobalSection(SolutionProperties) = preSolution
		HideSolutionNode = FALSE
	EndGlobalSection
	GlobalSection(ExtensibilityGlobals) = postSolution
		SolutionGuid = {B8C817DB-72D8-4DB2-826E-168589DB87D7}
	EndGlobalSection
EndGlobal
